// !$*UTF8*$!
{
	archiveVersion = 1;
	classes = {
	};
	objectVersion = 46;
	objects = {

/* Begin PBXBuildFile section */
		DAC001C11975EDE60013F86D /* AppDelegate.swift in Sources */ = {isa = PBXBuildFile; fileRef = DAC001C01975EDE60013F86D /* AppDelegate.swift */; };
		DAC001C41975EDE60013F86D /* Lon.xcdatamodeld in Sources */ = {isa = PBXBuildFile; fileRef = DAC001C21975EDE60013F86D /* Lon.xcdatamodeld */; };
		DAC001C61975EDE60013F86D /* ViewController.swift in Sources */ = {isa = PBXBuildFile; fileRef = DAC001C51975EDE60013F86D /* ViewController.swift */; };
		DAC001C91975EDE60013F86D /* Main.storyboard in Resources */ = {isa = PBXBuildFile; fileRef = DAC001C71975EDE60013F86D /* Main.storyboard */; };
		DAC001CB1975EDE60013F86D /* Images.xcassets in Resources */ = {isa = PBXBuildFile; fileRef = DAC001CA1975EDE60013F86D /* Images.xcassets */; };
		DAC001D71975EDE60013F86D /* LonTests.swift in Sources */ = {isa = PBXBuildFile; fileRef = DAC001D61975EDE60013F86D /* LonTests.swift */; };
/* End PBXBuildFile section */

/* Begin PBXContainerItemProxy section */
		DAC001D11975EDE60013F86D /* PBXContainerItemProxy */ = {
			isa = PBXContainerItemProxy;
			containerPortal = DAC001B31975EDE60013F86D /* Project object */;
			proxyType = 1;
			remoteGlobalIDString = DAC001BA1975EDE60013F86D;
			remoteInfo = Lon;
		};
/* End PBXContainerItemProxy section */

/* Begin PBXFileReference section */
		DAC001BB1975EDE60013F86D /* Lon.app */ = {isa = PBXFileReference; explicitFileType = wrapper.application; includeInIndex = 0; path = Lon.app; sourceTree = BUILT_PRODUCTS_DIR; };
		DAC001BF1975EDE60013F86D /* Info.plist */ = {isa = PBXFileReference; lastKnownFileType = text.plist.xml; path = Info.plist; sourceTree = "<group>"; };
		DAC001C01975EDE60013F86D /* AppDelegate.swift */ = {isa = PBXFileReference; lastKnownFileType = sourcecode.swift; path = AppDelegate.swift; sourceTree = "<group>"; };
		DAC001C31975EDE60013F86D /* Lon.xcdatamodel */ = {isa = PBXFileReference; lastKnownFileType = wrapper.xcdatamodel; path = Lon.xcdatamodel; sourceTree = "<group>"; };
		DAC001C51975EDE60013F86D /* ViewController.swift */ = {isa = PBXFileReference; lastKnownFileType = sourcecode.swift; path = ViewController.swift; sourceTree = "<group>"; };
		DAC001C81975EDE60013F86D /* Base */ = {isa = PBXFileReference; lastKnownFileType = file.storyboard; name = Base; path = Base.lproj/Main.storyboard; sourceTree = "<group>"; };
		DAC001CA1975EDE60013F86D /* Images.xcassets */ = {isa = PBXFileReference; lastKnownFileType = folder.assetcatalog; path = Images.xcassets; sourceTree = "<group>"; };
		DAC001D01975EDE60013F86D /* LonTests.xctest */ = {isa = PBXFileReference; explicitFileType = wrapper.cfbundle; includeInIndex = 0; path = LonTests.xctest; sourceTree = BUILT_PRODUCTS_DIR; };
		DAC001D51975EDE60013F86D /* Info.plist */ = {isa = PBXFileReference; lastKnownFileType = text.plist.xml; path = Info.plist; sourceTree = "<group>"; };
		DAC001D61975EDE60013F86D /* LonTests.swift */ = {isa = PBXFileReference; lastKnownFileType = sourcecode.swift; path = LonTests.swift; sourceTree = "<group>"; };
/* End PBXFileReference section */

/* Begin PBXFrameworksBuildPhase section */
		DAC001B81975EDE60013F86D /* Frameworks */ = {
			isa = PBXFrameworksBuildPhase;
			buildActionMask = 2147483647;
			files = (
			);
			runOnlyForDeploymentPostprocessing = 0;
		};
		DAC001CD1975EDE60013F86D /* Frameworks */ = {
			isa = PBXFrameworksBuildPhase;
			buildActionMask = 2147483647;
			files = (
			);
			runOnlyForDeploymentPostprocessing = 0;
		};
/* End PBXFrameworksBuildPhase section */

/* Begin PBXGroup section */
		DAC001B21975EDE60013F86D = {
			isa = PBXGroup;
			children = (
				DAC001BD1975EDE60013F86D /* Lon */,
				DAC001D31975EDE60013F86D /* LonTests */,
				DAC001BC1975EDE60013F86D /* Products */,
			);
			sourceTree = "<group>";
		};
		DAC001BC1975EDE60013F86D /* Products */ = {
			isa = PBXGroup;
			children = (
				DAC001BB1975EDE60013F86D /* Lon.app */,
				DAC001D01975EDE60013F86D /* LonTests.xctest */,
			);
			name = Products;
			sourceTree = "<group>";
		};
		DAC001BD1975EDE60013F86D /* Lon */ = {
			isa = PBXGroup;
			children = (
				DAC001C01975EDE60013F86D /* AppDelegate.swift */,
				DAC001C51975EDE60013F86D /* ViewController.swift */,
				DAC001C71975EDE60013F86D /* Main.storyboard */,
				DAC001CA1975EDE60013F86D /* Images.xcassets */,
				DAC001C21975EDE60013F86D /* Lon.xcdatamodeld */,
				DAC001BE1975EDE60013F86D /* Supporting Files */,
			);
			path = Lon;
			sourceTree = "<group>";
		};
		DAC001BE1975EDE60013F86D /* Supporting Files */ = {
			isa = PBXGroup;
			children = (
				DAC001BF1975EDE60013F86D /* Info.plist */,
			);
			name = "Supporting Files";
			sourceTree = "<group>";
		};
		DAC001D31975EDE60013F86D /* LonTests */ = {
			isa = PBXGroup;
			children = (
				DAC001D61975EDE60013F86D /* LonTests.swift */,
				DAC001D41975EDE60013F86D /* Supporting Files */,
			);
			path = LonTests;
			sourceTree = "<group>";
		};
		DAC001D41975EDE60013F86D /* Supporting Files */ = {
			isa = PBXGroup;
			children = (
				DAC001D51975EDE60013F86D /* Info.plist */,
			);
			name = "Supporting Files";
			sourceTree = "<group>";
		};
/* End PBXGroup section */

/* Begin PBXNativeTarget section */
		DAC001BA1975EDE60013F86D /* Lon */ = {
			isa = PBXNativeTarget;
			buildConfigurationList = DAC001DA1975EDE60013F86D /* Build configuration list for PBXNativeTarget "Lon" */;
			buildPhases = (
				DAC001B71975EDE60013F86D /* Sources */,
				DAC001B81975EDE60013F86D /* Frameworks */,
				DAC001B91975EDE60013F86D /* Resources */,
			);
			buildRules = (
			);
			dependencies = (
			);
			name = Lon;
			productName = Lon;
			productReference = DAC001BB1975EDE60013F86D /* Lon.app */;
			productType = "com.apple.product-type.application";
		};
		DAC001CF1975EDE60013F86D /* LonTests */ = {
			isa = PBXNativeTarget;
			buildConfigurationList = DAC001DD1975EDE60013F86D /* Build configuration list for PBXNativeTarget "LonTests" */;
			buildPhases = (
				DAC001CC1975EDE60013F86D /* Sources */,
				DAC001CD1975EDE60013F86D /* Frameworks */,
				DAC001CE1975EDE60013F86D /* Resources */,
			);
			buildRules = (
			);
			dependencies = (
				DAC001D21975EDE60013F86D /* PBXTargetDependency */,
			);
			name = LonTests;
			productName = LonTests;
			productReference = DAC001D01975EDE60013F86D /* LonTests.xctest */;
			productType = "com.apple.product-type.bundle.unit-test";
		};
/* End PBXNativeTarget section */

/* Begin PBXProject section */
		DAC001B31975EDE60013F86D /* Project object */ = {
			isa = PBXProject;
			attributes = {
				LastUpgradeCheck = 0600;
				ORGANIZATIONNAME = "Lon Labs";
				TargetAttributes = {
					DAC001BA1975EDE60013F86D = {
						CreatedOnToolsVersion = 6.0;
					};
					DAC001CF1975EDE60013F86D = {
						CreatedOnToolsVersion = 6.0;
						TestTargetID = DAC001BA1975EDE60013F86D;
					};
				};
			};
			buildConfigurationList = DAC001B61975EDE60013F86D /* Build configuration list for PBXProject "Lon" */;
			compatibilityVersion = "Xcode 3.2";
			developmentRegion = English;
			hasScannedForEncodings = 0;
			knownRegions = (
				en,
				Base,
			);
			mainGroup = DAC001B21975EDE60013F86D;
			productRefGroup = DAC001BC1975EDE60013F86D /* Products */;
			projectDirPath = "";
			projectRoot = "";
			targets = (
				DAC001BA1975EDE60013F86D /* Lon */,
				DAC001CF1975EDE60013F86D /* LonTests */,
			);
		};
/* End PBXProject section */

/* Begin PBXResourcesBuildPhase section */
		DAC001B91975EDE60013F86D /* Resources */ = {
			isa = PBXResourcesBuildPhase;
			buildActionMask = 2147483647;
			files = (
				DAC001C91975EDE60013F86D /* Main.storyboard in Resources */,
				DAC001CB1975EDE60013F86D /* Images.xcassets in Resources */,
			);
			runOnlyForDeploymentPostprocessing = 0;
		};
		DAC001CE1975EDE60013F86D /* Resources */ = {
			isa = PBXResourcesBuildPhase;
			buildActionMask = 2147483647;
			files = (
			);
			runOnlyForDeploymentPostprocessing = 0;
		};
/* End PBXResourcesBuildPhase section */

/* Begin PBXSourcesBuildPhase section */
		DAC001B71975EDE60013F86D /* Sources */ = {
			isa = PBXSourcesBuildPhase;
			buildActionMask = 2147483647;
			files = (
				DAC001C61975EDE60013F86D /* ViewController.swift in Sources */,
				DAC001C11975EDE60013F86D /* AppDelegate.swift in Sources */,
				DAC001C41975EDE60013F86D /* Lon.xcdatamodeld in Sources */,
			);
			runOnlyForDeploymentPostprocessing = 0;
		};
		DAC001CC1975EDE60013F86D /* Sources */ = {
			isa = PBXSourcesBuildPhase;
			buildActionMask = 2147483647;
			files = (
				DAC001D71975EDE60013F86D /* LonTests.swift in Sources */,
			);
			runOnlyForDeploymentPostprocessing = 0;
		};
/* End PBXSourcesBuildPhase section */

/* Begin PBXTargetDependency section */
		DAC001D21975EDE60013F86D /* PBXTargetDependency */ = {
			isa = PBXTargetDependency;
			target = DAC001BA1975EDE60013F86D /* Lon */;
			targetProxy = DAC001D11975EDE60013F86D /* PBXContainerItemProxy */;
		};
/* End PBXTargetDependency section */

/* Begin PBXVariantGroup section */
		DAC001C71975EDE60013F86D /* Main.storyboard */ = {
			isa = PBXVariantGroup;
			children = (
				DAC001C81975EDE60013F86D /* Base */,
			);
			name = Main.storyboard;
			sourceTree = "<group>";
		};
/* End PBXVariantGroup section */

/* Begin XCBuildConfiguration section */
		DAC001D81975EDE60013F86D /* Debug */ = {
			isa = XCBuildConfiguration;
			buildSettings = {
				ALWAYS_SEARCH_USER_PATHS = NO;
				CLANG_CXX_LANGUAGE_STANDARD = "gnu++0x";
				CLANG_CXX_LIBRARY = "libc++";
				CLANG_ENABLE_MODULES = YES;
				CLANG_ENABLE_OBJC_ARC = YES;
				CLANG_WARN_BOOL_CONVERSION = YES;
				CLANG_WARN_CONSTANT_CONVERSION = YES;
				CLANG_WARN_DIRECT_OBJC_ISA_USAGE = YES_ERROR;
				CLANG_WARN_EMPTY_BODY = YES;
				CLANG_WARN_ENUM_CONVERSION = YES;
				CLANG_WARN_INT_CONVERSION = YES;
				CLANG_WARN_OBJC_ROOT_CLASS = YES_ERROR;
				CLANG_WARN_UNREACHABLE_CODE = YES;
				CLANG_WARN__DUPLICATE_METHOD_MATCH = YES;
				"CODE_SIGN_IDENTITY[sdk=iphoneos*]" = "iPhone Developer";
				COPY_PHASE_STRIP = NO;
				ENABLE_STRICT_OBJC_MSGSEND = YES;
				GCC_C_LANGUAGE_STANDARD = gnu99;
				GCC_DYNAMIC_NO_PIC = NO;
				GCC_OPTIMIZATION_LEVEL = 0;
				GCC_PREPROCESSOR_DEFINITIONS = (
					"DEBUG=1",
					"$(inherited)",
				);
				GCC_SYMBOLS_PRIVATE_EXTERN = NO;
				GCC_WARN_64_TO_32_BIT_CONVERSION = YES;
				GCC_WARN_ABOUT_RETURN_TYPE = YES_ERROR;
				GCC_WARN_UNDECLARED_SELECTOR = YES;
				GCC_WARN_UNINITIALIZED_AUTOS = YES_AGGRESSIVE;
				GCC_WARN_UNUSED_FUNCTION = YES;
				GCC_WARN_UNUSED_VARIABLE = YES;
				IPHONEOS_DEPLOYMENT_TARGET = 8.0;
				MTL_ENABLE_DEBUG_INFO = YES;
				ONLY_ACTIVE_ARCH = YES;
				SDKROOT = iphoneos;
				SWIFT_OPTIMIZATION_LEVEL = "-Onone";
			};
			name = Debug;
		};
		DAC001D91975EDE60013F86D /* Release */ = {
			isa = XCBuildConfiguration;
			buildSettings = {
				ALWAYS_SEARCH_USER_PATHS = NO;
				CLANG_CXX_LANGUAGE_STANDARD = "gnu++0x";
				CLANG_CXX_LIBRARY = "libc++";
				CLANG_ENABLE_MODULES = YES;
				CLANG_ENABLE_OBJC_ARC = YES;
				CLANG_WARN_BOOL_CONVERSION = YES;
				CLANG_WARN_CONSTANT_CONVERSION = YES;
				CLANG_WARN_DIRECT_OBJC_ISA_USAGE = YES_ERROR;
				CLANG_WARN_EMPTY_BODY = YES;
				CLANG_WARN_ENUM_CONVERSION = YES;
				CLANG_WARN_INT_CONVERSION = YES;
				CLANG_WARN_OBJC_ROOT_CLASS = YES_ERROR;
				CLANG_WARN_UNREACHABLE_CODE = YES;
				CLANG_WARN__DUPLICATE_METHOD_MATCH = YES;
				"CODE_SIGN_IDENTITY[sdk=iphoneos*]" = "iPhone Developer";
				COPY_PHASE_STRIP = YES;
				ENABLE_NS_ASSERTIONS = NO;
				ENABLE_STRICT_OBJC_MSGSEND = YES;
				GCC_C_LANGUAGE_STANDARD = gnu99;
				GCC_WARN_64_TO_32_BIT_CONVERSION = YES;
				GCC_WARN_ABOUT_RETURN_TYPE = YES_ERROR;
				GCC_WARN_UNDECLARED_SELECTOR = YES;
				GCC_WARN_UNINITIALIZED_AUTOS = YES_AGGRESSIVE;
				GCC_WARN_UNUSED_FUNCTION = YES;
				GCC_WARN_UNUSED_VARIABLE = YES;
				IPHONEOS_DEPLOYMENT_TARGET = 8.0;
				MTL_ENABLE_DEBUG_INFO = NO;
				SDKROOT = iphoneos;
				VALIDATE_PRODUCT = YES;
			};
			name = Release;
		};
		DAC001DB1975EDE60013F86D /* Debug */ = {
			isa = XCBuildConfiguration;
			buildSettings = {
				ASSETCATALOG_COMPILER_APPICON_NAME = AppIcon;
				ASSETCATALOG_COMPILER_LAUNCHIMAGE_NAME = LaunchImage;
				INFOPLIST_FILE = Lon/Info.plist;
				IPHONEOS_DEPLOYMENT_TARGET = 8.0;
				LD_RUNPATH_SEARCH_PATHS = "$(inherited) @executable_path/Frameworks";
				PRODUCT_NAME = "$(TARGET_NAME)";
			};
			name = Debug;
		};
		DAC001DC1975EDE60013F86D /* Release */ = {
			isa = XCBuildConfiguration;
			buildSettings = {
				ASSETCATALOG_COMPILER_APPICON_NAME = AppIcon;
				ASSETCATALOG_COMPILER_LAUNCHIMAGE_NAME = LaunchImage;
				INFOPLIST_FILE = Lon/Info.plist;
				IPHONEOS_DEPLOYMENT_TARGET = 8.0;
				LD_RUNPATH_SEARCH_PATHS = "$(inherited) @executable_path/Frameworks";
				PRODUCT_NAME = "$(TARGET_NAME)";
			};
			name = Release;
		};
		DAC001DE1975EDE60013F86D /* Debug */ = {
			isa = XCBuildConfiguration;
			buildSettings = {
				BUNDLE_LOADER = "$(BUILT_PRODUCTS_DIR)/Lon.app/Lon";
				FRAMEWORK_SEARCH_PATHS = (
					"$(SDKROOT)/Developer/Library/Frameworks",
					"$(inherited)",
				);
				GCC_PREPROCESSOR_DEFINITIONS = (
					"DEBUG=1",
					"$(inherited)",
				);
				INFOPLIST_FILE = LonTests/Info.plist;
				LD_RUNPATH_SEARCH_PATHS = "$(inherited) @executable_path/Frameworks @loader_path/Frameworks";
				PRODUCT_NAME = "$(TARGET_NAME)";
				TEST_HOST = "$(BUNDLE_LOADER)";
			};
			name = Debug;
		};
		DAC001DF1975EDE60013F86D /* Release */ = {
			isa = XCBuildConfiguration;
			buildSettings = {
				BUNDLE_LOADER = "$(BUILT_PRODUCTS_DIR)/Lon.app/Lon";
				FRAMEWORK_SEARCH_PATHS = (
					"$(SDKROOT)/Developer/Library/Frameworks",
					"$(inherited)",
				);
				INFOPLIST_FILE = LonTests/Info.plist;
				LD_RUNPATH_SEARCH_PATHS = "$(inherited) @executable_path/Frameworks @loader_path/Frameworks";
				PRODUCT_NAME = "$(TARGET_NAME)";
				TEST_HOST = "$(BUNDLE_LOADER)";
			};
			name = Release;
		};
/* End XCBuildConfiguration section */

/* Begin XCConfigurationList section */
		DAC001B61975EDE60013F86D /* Build configuration list for PBXProject "Lon" */ = {
			isa = XCConfigurationList;
			buildConfigurations = (
				DAC001D81975EDE60013F86D /* Debug */,
				DAC001D91975EDE60013F86D /* Release */,
			);
			defaultConfigurationIsVisible = 0;
			defaultConfigurationName = Release;
		};
		DAC001DA1975EDE60013F86D /* Build configuration list for PBXNativeTarget "Lon" */ = {
			isa = XCConfigurationList;
			buildConfigurations = (
				DAC001DB1975EDE60013F86D /* Debug */,
				DAC001DC1975EDE60013F86D /* Release */,
			);
			defaultConfigurationIsVisible = 0;
		};
		DAC001DD1975EDE60013F86D /* Build configuration list for PBXNativeTarget "LonTests" */ = {
			isa = XCConfigurationList;
			buildConfigurations = (
				DAC001DE1975EDE60013F86D /* Debug */,
				DAC001DF1975EDE60013F86D /* Release */,
			);
			defaultConfigurationIsVisible = 0;
		};
/* End XCConfigurationList section */

/* Begin XCVersionGroup section */
		DAC001C21975EDE60013F86D /* Lon.xcdatamodeld */ = {
			isa = XCVersionGroup;
			children = (
				DAC001C31975EDE60013F86D /* Lon.xcdatamodel */,
			);
			currentVersion = DAC001C31975EDE60013F86D /* Lon.xcdatamodel */;
			path = Lon.xcdatamodeld;
			sourceTree = "<group>";
			versionGroupType = wrapper.xcdatamodel;
		};
/* End XCVersionGroup section */
	};
	rootObject = DAC001B31975EDE60013F86D /* Project object */;
}
